// !$*UTF8*$!
{
	archiveVersion = 1;
	classes = {
	};
	objectVersion = 55;
	objects = {

/* Begin PBXBuildFile section */
		36213CA427A8CC5C00BF0031 /* TransferDecView.swift in Sources */ = {isa = PBXBuildFile; fileRef = 36213CA327A8CC5C00BF0031 /* TransferDecView.swift */; };
		36347A4D27A78FA00052705C /* MarcellusSC-Regular.ttf in Resources */ = {isa = PBXBuildFile; fileRef = 36347A4C27A78FA00052705C /* MarcellusSC-Regular.ttf */; };
		364BC2EA277690E900AE7478 /* RealEstateOne.swift in Sources */ = {isa = PBXBuildFile; fileRef = 364BC2E9277690E900AE7478 /* RealEstateOne.swift */; };
		364BC30E2776CAE400AE7478 /* LoanDocs.swift in Sources */ = {isa = PBXBuildFile; fileRef = 364BC30D2776CAE400AE7478 /* LoanDocs.swift */; };
		364CBBCA27C5D78900096D73 /* danIntro.mp4 in Resources */ = {isa = PBXBuildFile; fileRef = 364CBBC927C5D78900096D73 /* danIntro.mp4 */; };
		364CBBCC27C5DE3300096D73 /* danIntro2.mp4 in Resources */ = {isa = PBXBuildFile; fileRef = 364CBBCB27C5DE3300096D73 /* danIntro2.mp4 */; };
		36587E50277FE79600ED0B9C /* VestingView.swift in Sources */ = {isa = PBXBuildFile; fileRef = 36587E4F277FE79600ED0B9C /* VestingView.swift */; };
		36587E54277FE80B00ED0B9C /* ClosingInstructionsView.swift in Sources */ = {isa = PBXBuildFile; fileRef = 36587E53277FE80B00ED0B9C /* ClosingInstructionsView.swift */; };
		36587E56277FE83100ED0B9C /* AffidavitView.swift in Sources */ = {isa = PBXBuildFile; fileRef = 36587E55277FE83100ED0B9C /* AffidavitView.swift */; };
		369F57D0279F842B002A1226 /* hartIntro2.mp4 in Resources */ = {isa = PBXBuildFile; fileRef = 369F57CF279F842B002A1226 /* hartIntro2.mp4 */; };
		36B25C0027A66AE300807DFD /* CodeScanner in Frameworks */ = {isa = PBXBuildFile; productRef = 36B25BFF27A66AE300807DFD /* CodeScanner */; };
		36BC54CB27A37434003422DF /* RE04.pdf in Resources */ = {isa = PBXBuildFile; fileRef = 36BC54CA27A37434003422DF /* RE04.pdf */; };
		36BC54CD27A37643003422DF /* RE01.pdf in Resources */ = {isa = PBXBuildFile; fileRef = 36BC54CC27A37643003422DF /* RE01.pdf */; };
		36BC54CF27A381F4003422DF /* RE04.mp4 in Resources */ = {isa = PBXBuildFile; fileRef = 36BC54CE27A381F4003422DF /* RE04.mp4 */; };
		36BC54D127A389D3003422DF /* RE03.pdf in Resources */ = {isa = PBXBuildFile; fileRef = 36BC54D027A389D3003422DF /* RE03.pdf */; };
		36CC8354279E39EC0096261E /* VideoPlayerView.swift in Sources */ = {isa = PBXBuildFile; fileRef = 36CC8353279E39EC0096261E /* VideoPlayerView.swift */; };
		36CF8A8F2776896A007E68A3 /* ClosingUp24DecApp.swift in Sources */ = {isa = PBXBuildFile; fileRef = 36CF8A8E2776896A007E68A3 /* ClosingUp24DecApp.swift */; };
		36CF8A912776896A007E68A3 /* ContentView.swift in Sources */ = {isa = PBXBuildFile; fileRef = 36CF8A902776896A007E68A3 /* ContentView.swift */; };
		36CF8A932776896C007E68A3 /* Assets.xcassets in Resources */ = {isa = PBXBuildFile; fileRef = 36CF8A922776896C007E68A3 /* Assets.xcassets */; };
		36CF8A962776896C007E68A3 /* Preview Assets.xcassets in Resources */ = {isa = PBXBuildFile; fileRef = 36CF8A952776896C007E68A3 /* Preview Assets.xcassets */; };
		36CF8A9D277689EF007E68A3 /* AppDelegate.swift in Sources */ = {isa = PBXBuildFile; fileRef = 36CF8A9C277689EF007E68A3 /* AppDelegate.swift */; };
		36CF8A9F27768A13007E68A3 /* SceneDelegate.swift in Sources */ = {isa = PBXBuildFile; fileRef = 36CF8A9E27768A13007E68A3 /* SceneDelegate.swift */; };
		36CF8AA127768A61007E68A3 /* UIPlayerView.swift in Sources */ = {isa = PBXBuildFile; fileRef = 36CF8AA027768A61007E68A3 /* UIPlayerView.swift */; };
		36D7A61927B94E0E001F159E /* BuyerOne.swift in Sources */ = {isa = PBXBuildFile; fileRef = 36D7A61827B94E0E001F159E /* BuyerOne.swift */; };
		36D7A61B27B95791001F159E /* BuyerTwo.swift in Sources */ = {isa = PBXBuildFile; fileRef = 36D7A61A27B95791001F159E /* BuyerTwo.swift */; };
		36E10F3A279BBD0800F32709 /* pdfStuff.swift in Sources */ = {isa = PBXBuildFile; fileRef = 36E10F39279BBD0800F32709 /* pdfStuff.swift */; };
		36E10F3E279BC1D100F32709 /* form.pdf in Resources */ = {isa = PBXBuildFile; fileRef = 36E10F3D279BC1D100F32709 /* form.pdf */; };
		36E10F40279BC35E00F32709 /* reDocs.pdf in Resources */ = {isa = PBXBuildFile; fileRef = 36E10F3F279BC35E00F32709 /* reDocs.pdf */; };
		36EAA9692776DF1700AC97B2 /* PaytoneOne-Regular.ttf in Resources */ = {isa = PBXBuildFile; fileRef = 36EAA9682776DF1700AC97B2 /* PaytoneOne-Regular.ttf */; };
		36EAA96C2776F0E900AC97B2 /* Launch Screen.storyboard in Resources */ = {isa = PBXBuildFile; fileRef = 36EAA96B2776F0E900AC97B2 /* Launch Screen.storyboard */; };
		36EAA96E2777A4FE00AC97B2 /* PersonalDocuments.swift in Sources */ = {isa = PBXBuildFile; fileRef = 36EAA96D2777A4FE00AC97B2 /* PersonalDocuments.swift */; };
		36EAA9702777BD6000AC97B2 /* HelpView.swift in Sources */ = {isa = PBXBuildFile; fileRef = 36EAA96F2777BD6000AC97B2 /* HelpView.swift */; };
/* End PBXBuildFile section */

/* Begin PBXFileReference section */
		36213CA327A8CC5C00BF0031 /* TransferDecView.swift */ = {isa = PBXFileReference; lastKnownFileType = sourcecode.swift; path = TransferDecView.swift; sourceTree = "<group>"; };
		36347A4C27A78FA00052705C /* MarcellusSC-Regular.ttf */ = {isa = PBXFileReference; lastKnownFileType = file; path = "MarcellusSC-Regular.ttf"; sourceTree = "<group>"; };
		364BC2E9277690E900AE7478 /* RealEstateOne.swift */ = {isa = PBXFileReference; lastKnownFileType = sourcecode.swift; path = RealEstateOne.swift; sourceTree = "<group>"; };
		364BC30D2776CAE400AE7478 /* LoanDocs.swift */ = {isa = PBXFileReference; lastKnownFileType = sourcecode.swift; path = LoanDocs.swift; sourceTree = "<group>"; };
		364CBBC927C5D78900096D73 /* danIntro.mp4 */ = {isa = PBXFileReference; lastKnownFileType = file; path = danIntro.mp4; sourceTree = "<group>"; };
		364CBBCB27C5DE3300096D73 /* danIntro2.mp4 */ = {isa = PBXFileReference; lastKnownFileType = file; path = danIntro2.mp4; sourceTree = "<group>"; };
		36587E4F277FE79600ED0B9C /* VestingView.swift */ = {isa = PBXFileReference; lastKnownFileType = sourcecode.swift; path = VestingView.swift; sourceTree = "<group>"; };
		36587E53277FE80B00ED0B9C /* ClosingInstructionsView.swift */ = {isa = PBXFileReference; lastKnownFileType = sourcecode.swift; path = ClosingInstructionsView.swift; sourceTree = "<group>"; };
		36587E55277FE83100ED0B9C /* AffidavitView.swift */ = {isa = PBXFileReference; lastKnownFileType = sourcecode.swift; path = AffidavitView.swift; sourceTree = "<group>"; };
		369F57CF279F842B002A1226 /* hartIntro2.mp4 */ = {isa = PBXFileReference; lastKnownFileType = file; path = hartIntro2.mp4; sourceTree = "<group>"; };
		36BC54CA27A37434003422DF /* RE04.pdf */ = {isa = PBXFileReference; lastKnownFileType = image.pdf; path = RE04.pdf; sourceTree = "<group>"; };
		36BC54CC27A37643003422DF /* RE01.pdf */ = {isa = PBXFileReference; lastKnownFileType = image.pdf; path = RE01.pdf; sourceTree = "<group>"; };
		36BC54CE27A381F4003422DF /* RE04.mp4 */ = {isa = PBXFileReference; lastKnownFileType = file; path = RE04.mp4; sourceTree = "<group>"; };
		36BC54D027A389D3003422DF /* RE03.pdf */ = {isa = PBXFileReference; lastKnownFileType = image.pdf; path = RE03.pdf; sourceTree = "<group>"; };
		36CC8353279E39EC0096261E /* VideoPlayerView.swift */ = {isa = PBXFileReference; lastKnownFileType = sourcecode.swift; path = VideoPlayerView.swift; sourceTree = "<group>"; };
		36CF8A8B2776896A007E68A3 /* ClosingUp24Dec.app */ = {isa = PBXFileReference; explicitFileType = wrapper.application; includeInIndex = 0; path = ClosingUp24Dec.app; sourceTree = BUILT_PRODUCTS_DIR; };
		36CF8A8E2776896A007E68A3 /* ClosingUp24DecApp.swift */ = {isa = PBXFileReference; lastKnownFileType = sourcecode.swift; path = ClosingUp24DecApp.swift; sourceTree = "<group>"; };
		36CF8A902776896A007E68A3 /* ContentView.swift */ = {isa = PBXFileReference; lastKnownFileType = sourcecode.swift; path = ContentView.swift; sourceTree = "<group>"; };
		36CF8A922776896C007E68A3 /* Assets.xcassets */ = {isa = PBXFileReference; lastKnownFileType = folder.assetcatalog; path = Assets.xcassets; sourceTree = "<group>"; };
		36CF8A952776896C007E68A3 /* Preview Assets.xcassets */ = {isa = PBXFileReference; lastKnownFileType = folder.assetcatalog; path = "Preview Assets.xcassets"; sourceTree = "<group>"; };
		36CF8A9C277689EF007E68A3 /* AppDelegate.swift */ = {isa = PBXFileReference; lastKnownFileType = sourcecode.swift; path = AppDelegate.swift; sourceTree = "<group>"; };
		36CF8A9E27768A13007E68A3 /* SceneDelegate.swift */ = {isa = PBXFileReference; lastKnownFileType = sourcecode.swift; path = SceneDelegate.swift; sourceTree = "<group>"; };
		36CF8AA027768A61007E68A3 /* UIPlayerView.swift */ = {isa = PBXFileReference; lastKnownFileType = sourcecode.swift; path = UIPlayerView.swift; sourceTree = "<group>"; };
		36D7A61827B94E0E001F159E /* BuyerOne.swift */ = {isa = PBXFileReference; lastKnownFileType = sourcecode.swift; path = BuyerOne.swift; sourceTree = "<group>"; };
		36D7A61A27B95791001F159E /* BuyerTwo.swift */ = {isa = PBXFileReference; lastKnownFileType = sourcecode.swift; path = BuyerTwo.swift; sourceTree = "<group>"; };
		36E10F39279BBD0800F32709 /* pdfStuff.swift */ = {isa = PBXFileReference; lastKnownFileType = sourcecode.swift; path = pdfStuff.swift; sourceTree = "<group>"; };
		36E10F3D279BC1D100F32709 /* form.pdf */ = {isa = PBXFileReference; lastKnownFileType = image.pdf; path = form.pdf; sourceTree = "<group>"; };
		36E10F3F279BC35E00F32709 /* reDocs.pdf */ = {isa = PBXFileReference; lastKnownFileType = image.pdf; path = reDocs.pdf; sourceTree = "<group>"; };
		36EAA9682776DF1700AC97B2 /* PaytoneOne-Regular.ttf */ = {isa = PBXFileReference; lastKnownFileType = file; path = "PaytoneOne-Regular.ttf"; sourceTree = "<group>"; };
		36EAA96A2776DF2C00AC97B2 /* Info.plist */ = {isa = PBXFileReference; lastKnownFileType = text.plist; path = Info.plist; sourceTree = "<group>"; };
		36EAA96B2776F0E900AC97B2 /* Launch Screen.storyboard */ = {isa = PBXFileReference; lastKnownFileType = file.storyboard; path = "Launch Screen.storyboard"; sourceTree = "<group>"; };
		36EAA96D2777A4FE00AC97B2 /* PersonalDocuments.swift */ = {isa = PBXFileReference; lastKnownFileType = sourcecode.swift; path = PersonalDocuments.swift; sourceTree = "<group>"; };
		36EAA96F2777BD6000AC97B2 /* HelpView.swift */ = {isa = PBXFileReference; lastKnownFileType = sourcecode.swift; path = HelpView.swift; sourceTree = "<group>"; };
/* End PBXFileReference section */

/* Begin PBXFrameworksBuildPhase section */
		36CF8A882776896A007E68A3 /* Frameworks */ = {
			isa = PBXFrameworksBuildPhase;
			buildActionMask = 2147483647;
			files = (
				36B25C0027A66AE300807DFD /* CodeScanner in Frameworks */,
			);
			runOnlyForDeploymentPostprocessing = 0;
		};
/* End PBXFrameworksBuildPhase section */

/* Begin PBXGroup section */
		36CF8A822776896A007E68A3 = {
			isa = PBXGroup;
			children = (
				36CF8A8D2776896A007E68A3 /* ClosingUp24Dec */,
				36CF8A8C2776896A007E68A3 /* Products */,
			);
			sourceTree = "<group>";
		};
		36CF8A8C2776896A007E68A3 /* Products */ = {
			isa = PBXGroup;
			children = (
				36CF8A8B2776896A007E68A3 /* ClosingUp24Dec.app */,
			);
			name = Products;
			sourceTree = "<group>";
		};
		36CF8A8D2776896A007E68A3 /* ClosingUp24Dec */ = {
			isa = PBXGroup;
			children = (
				36EAA96A2776DF2C00AC97B2 /* Info.plist */,
				36EAA9672776DF0700AC97B2 /* fonts */,
				36CF8AA227768F3D007E68A3 /* Views */,
				36CF8A9C277689EF007E68A3 /* AppDelegate.swift */,
				36CF8A9E27768A13007E68A3 /* SceneDelegate.swift */,
				36CF8AA027768A61007E68A3 /* UIPlayerView.swift */,
				36D7A61827B94E0E001F159E /* BuyerOne.swift */,
				36D7A61A27B95791001F159E /* BuyerTwo.swift */,
				36CF8A8E2776896A007E68A3 /* ClosingUp24DecApp.swift */,
				36CF8A922776896C007E68A3 /* Assets.xcassets */,
				36CF8A942776896C007E68A3 /* Preview Content */,
				36EAA96B2776F0E900AC97B2 /* Launch Screen.storyboard */,
			);
			path = ClosingUp24Dec;
			sourceTree = "<group>";
		};
		36CF8A942776896C007E68A3 /* Preview Content */ = {
			isa = PBXGroup;
			children = (
				36CF8A952776896C007E68A3 /* Preview Assets.xcassets */,
			);
			path = "Preview Content";
			sourceTree = "<group>";
		};
		36CF8AA227768F3D007E68A3 /* Views */ = {
			isa = PBXGroup;
			children = (
				364CBBC927C5D78900096D73 /* danIntro.mp4 */,
				364CBBCB27C5DE3300096D73 /* danIntro2.mp4 */,
				36BC54CE27A381F4003422DF /* RE04.mp4 */,
				369F57CF279F842B002A1226 /* hartIntro2.mp4 */,
				36E10F3F279BC35E00F32709 /* reDocs.pdf */,
				36BC54CC27A37643003422DF /* RE01.pdf */,
				36BC54D027A389D3003422DF /* RE03.pdf */,
				36BC54CA27A37434003422DF /* RE04.pdf */,
				36E10F3D279BC1D100F32709 /* form.pdf */,
				36CF8A902776896A007E68A3 /* ContentView.swift */,
				36EAA96D2777A4FE00AC97B2 /* PersonalDocuments.swift */,
				364BC2E9277690E900AE7478 /* RealEstateOne.swift */,
				36213CA327A8CC5C00BF0031 /* TransferDecView.swift */,
				364BC30D2776CAE400AE7478 /* LoanDocs.swift */,
				36EAA96F2777BD6000AC97B2 /* HelpView.swift */,
				36587E4F277FE79600ED0B9C /* VestingView.swift */,
				36CC8353279E39EC0096261E /* VideoPlayerView.swift */,
				36587E53277FE80B00ED0B9C /* ClosingInstructionsView.swift */,
				36587E55277FE83100ED0B9C /* AffidavitView.swift */,
				36E10F39279BBD0800F32709 /* pdfStuff.swift */,
			);
			path = Views;
			sourceTree = "<group>";
		};
		36EAA9672776DF0700AC97B2 /* fonts */ = {
			isa = PBXGroup;
			children = (
				36EAA9682776DF1700AC97B2 /* PaytoneOne-Regular.ttf */,
				36347A4C27A78FA00052705C /* MarcellusSC-Regular.ttf */,
			);
			path = fonts;
			sourceTree = "<group>";
		};
/* End PBXGroup section */

/* Begin PBXNativeTarget section */
		36CF8A8A2776896A007E68A3 /* ClosingUp24Dec */ = {
			isa = PBXNativeTarget;
			buildConfigurationList = 36CF8A992776896C007E68A3 /* Build configuration list for PBXNativeTarget "ClosingUp24Dec" */;
			buildPhases = (
				36CF8A872776896A007E68A3 /* Sources */,
				36CF8A882776896A007E68A3 /* Frameworks */,
				36CF8A892776896A007E68A3 /* Resources */,
			);
			buildRules = (
			);
			dependencies = (
			);
			name = ClosingUp24Dec;
			packageProductDependencies = (
				36B25BFF27A66AE300807DFD /* CodeScanner */,
			);
			productName = ClosingUp24Dec;
			productReference = 36CF8A8B2776896A007E68A3 /* ClosingUp24Dec.app */;
			productType = "com.apple.product-type.application";
		};
/* End PBXNativeTarget section */

/* Begin PBXProject section */
		36CF8A832776896A007E68A3 /* Project object */ = {
			isa = PBXProject;
			attributes = {
				BuildIndependentTargetsInParallel = 1;
				LastSwiftUpdateCheck = 1320;
				LastUpgradeCheck = 1320;
				TargetAttributes = {
					36CF8A8A2776896A007E68A3 = {
						CreatedOnToolsVersion = 13.2.1;
					};
				};
			};
			buildConfigurationList = 36CF8A862776896A007E68A3 /* Build configuration list for PBXProject "ClosingUp24Dec" */;
			compatibilityVersion = "Xcode 13.0";
			developmentRegion = en;
			hasScannedForEncodings = 0;
			knownRegions = (
				en,
				Base,
			);
			mainGroup = 36CF8A822776896A007E68A3;
			packageReferences = (
				36B25BFE27A66AE300807DFD /* XCRemoteSwiftPackageReference "CodeScanner" */,
			);
			productRefGroup = 36CF8A8C2776896A007E68A3 /* Products */;
			projectDirPath = "";
			projectRoot = "";
			targets = (
				36CF8A8A2776896A007E68A3 /* ClosingUp24Dec */,
			);
		};
/* End PBXProject section */

/* Begin PBXResourcesBuildPhase section */
		36CF8A892776896A007E68A3 /* Resources */ = {
			isa = PBXResourcesBuildPhase;
			buildActionMask = 2147483647;
			files = (
				364CBBCA27C5D78900096D73 /* danIntro.mp4 in Resources */,
				36E10F40279BC35E00F32709 /* reDocs.pdf in Resources */,
				36EAA9692776DF1700AC97B2 /* PaytoneOne-Regular.ttf in Resources */,
				36CF8A962776896C007E68A3 /* Preview Assets.xcassets in Resources */,
				369F57D0279F842B002A1226 /* hartIntro2.mp4 in Resources */,
				364CBBCC27C5DE3300096D73 /* danIntro2.mp4 in Resources */,
				36E10F3E279BC1D100F32709 /* form.pdf in Resources */,
				36EAA96C2776F0E900AC97B2 /* Launch Screen.storyboard in Resources */,
				36BC54D127A389D3003422DF /* RE03.pdf in Resources */,
				36CF8A932776896C007E68A3 /* Assets.xcassets in Resources */,
				36BC54CD27A37643003422DF /* RE01.pdf in Resources */,
				36347A4D27A78FA00052705C /* MarcellusSC-Regular.ttf in Resources */,
				36BC54CB27A37434003422DF /* RE04.pdf in Resources */,
				36BC54CF27A381F4003422DF /* RE04.mp4 in Resources */,
			);
			runOnlyForDeploymentPostprocessing = 0;
		};
/* End PBXResourcesBuildPhase section */

/* Begin PBXSourcesBuildPhase section */
		36CF8A872776896A007E68A3 /* Sources */ = {
			isa = PBXSourcesBuildPhase;
			buildActionMask = 2147483647;
			files = (
				36EAA96E2777A4FE00AC97B2 /* PersonalDocuments.swift in Sources */,
				36CF8A9D277689EF007E68A3 /* AppDelegate.swift in Sources */,
				36D7A61927B94E0E001F159E /* BuyerOne.swift in Sources */,
				36587E56277FE83100ED0B9C /* AffidavitView.swift in Sources */,
				36587E54277FE80B00ED0B9C /* ClosingInstructionsView.swift in Sources */,
				36CF8A912776896A007E68A3 /* ContentView.swift in Sources */,
				36CF8A8F2776896A007E68A3 /* ClosingUp24DecApp.swift in Sources */,
				36E10F3A279BBD0800F32709 /* pdfStuff.swift in Sources */,
				36EAA9702777BD6000AC97B2 /* HelpView.swift in Sources */,
				36CF8AA127768A61007E68A3 /* UIPlayerView.swift in Sources */,
				364BC2EA277690E900AE7478 /* RealEstateOne.swift in Sources */,
				364BC30E2776CAE400AE7478 /* LoanDocs.swift in Sources */,
				36CF8A9F27768A13007E68A3 /* SceneDelegate.swift in Sources */,
				36587E50277FE79600ED0B9C /* VestingView.swift in Sources */,
				36D7A61B27B95791001F159E /* BuyerTwo.swift in Sources */,
				36CC8354279E39EC0096261E /* VideoPlayerView.swift in Sources */,
				36213CA427A8CC5C00BF0031 /* TransferDecView.swift in Sources */,
			);
			runOnlyForDeploymentPostprocessing = 0;
		};
/* End PBXSourcesBuildPhase section */

/* Begin XCBuildConfiguration section */
		36CF8A972776896C007E68A3 /* Debug */ = {
			isa = XCBuildConfiguration;
			buildSettings = {
				ALWAYS_SEARCH_USER_PATHS = NO;
				CLANG_ANALYZER_NONNULL = YES;
				CLANG_ANALYZER_NUMBER_OBJECT_CONVERSION = YES_AGGRESSIVE;
				CLANG_CXX_LANGUAGE_STANDARD = "gnu++17";
				CLANG_CXX_LIBRARY = "libc++";
				CLANG_ENABLE_MODULES = YES;
				CLANG_ENABLE_OBJC_ARC = YES;
				CLANG_ENABLE_OBJC_WEAK = YES;
				CLANG_WARN_BLOCK_CAPTURE_AUTORELEASING = YES;
				CLANG_WARN_BOOL_CONVERSION = YES;
				CLANG_WARN_COMMA = YES;
				CLANG_WARN_CONSTANT_CONVERSION = YES;
				CLANG_WARN_DEPRECATED_OBJC_IMPLEMENTATIONS = YES;
				CLANG_WARN_DIRECT_OBJC_ISA_USAGE = YES_ERROR;
				CLANG_WARN_DOCUMENTATION_COMMENTS = YES;
				CLANG_WARN_EMPTY_BODY = YES;
				CLANG_WARN_ENUM_CONVERSION = YES;
				CLANG_WARN_INFINITE_RECURSION = YES;
				CLANG_WARN_INT_CONVERSION = YES;
				CLANG_WARN_NON_LITERAL_NULL_CONVERSION = YES;
				CLANG_WARN_OBJC_IMPLICIT_RETAIN_SELF = YES;
				CLANG_WARN_OBJC_LITERAL_CONVERSION = YES;
				CLANG_WARN_OBJC_ROOT_CLASS = YES_ERROR;
				CLANG_WARN_QUOTED_INCLUDE_IN_FRAMEWORK_HEADER = YES;
				CLANG_WARN_RANGE_LOOP_ANALYSIS = YES;
				CLANG_WARN_STRICT_PROTOTYPES = YES;
				CLANG_WARN_SUSPICIOUS_MOVE = YES;
				CLANG_WARN_UNGUARDED_AVAILABILITY = YES_AGGRESSIVE;
				CLANG_WARN_UNREACHABLE_CODE = YES;
				CLANG_WARN__DUPLICATE_METHOD_MATCH = YES;
				COPY_PHASE_STRIP = NO;
				DEBUG_INFORMATION_FORMAT = dwarf;
				ENABLE_STRICT_OBJC_MSGSEND = YES;
				ENABLE_TESTABILITY = YES;
				GCC_C_LANGUAGE_STANDARD = gnu11;
				GCC_DYNAMIC_NO_PIC = NO;
				GCC_NO_COMMON_BLOCKS = YES;
				GCC_OPTIMIZATION_LEVEL = 0;
				GCC_PREPROCESSOR_DEFINITIONS = (
					"DEBUG=1",
					"$(inherited)",
				);
				GCC_WARN_64_TO_32_BIT_CONVERSION = YES;
				GCC_WARN_ABOUT_RETURN_TYPE = YES_ERROR;
				GCC_WARN_UNDECLARED_SELECTOR = YES;
				GCC_WARN_UNINITIALIZED_AUTOS = YES_AGGRESSIVE;
				GCC_WARN_UNUSED_FUNCTION = YES;
				GCC_WARN_UNUSED_VARIABLE = YES;
				IPHONEOS_DEPLOYMENT_TARGET = 15.2;
				MTL_ENABLE_DEBUG_INFO = INCLUDE_SOURCE;
				MTL_FAST_MATH = YES;
				ONLY_ACTIVE_ARCH = YES;
				SDKROOT = iphoneos;
				SWIFT_ACTIVE_COMPILATION_CONDITIONS = DEBUG;
				SWIFT_OPTIMIZATION_LEVEL = "-Onone";
			};
			name = Debug;
		};
		36CF8A982776896C007E68A3 /* Release */ = {
			isa = XCBuildConfiguration;
			buildSettings = {
				ALWAYS_SEARCH_USER_PATHS = NO;
				CLANG_ANALYZER_NONNULL = YES;
				CLANG_ANALYZER_NUMBER_OBJECT_CONVERSION = YES_AGGRESSIVE;
				CLANG_CXX_LANGUAGE_STANDARD = "gnu++17";
				CLANG_CXX_LIBRARY = "libc++";
				CLANG_ENABLE_MODULES = YES;
				CLANG_ENABLE_OBJC_ARC = YES;
				CLANG_ENABLE_OBJC_WEAK = YES;
				CLANG_WARN_BLOCK_CAPTURE_AUTORELEASING = YES;
				CLANG_WARN_BOOL_CONVERSION = YES;
				CLANG_WARN_COMMA = YES;
				CLANG_WARN_CONSTANT_CONVERSION = YES;
				CLANG_WARN_DEPRECATED_OBJC_IMPLEMENTATIONS = YES;
				CLANG_WARN_DIRECT_OBJC_ISA_USAGE = YES_ERROR;
				CLANG_WARN_DOCUMENTATION_COMMENTS = YES;
				CLANG_WARN_EMPTY_BODY = YES;
				CLANG_WARN_ENUM_CONVERSION = YES;
				CLANG_WARN_INFINITE_RECURSION = YES;
				CLANG_WARN_INT_CONVERSION = YES;
				CLANG_WARN_NON_LITERAL_NULL_CONVERSION = YES;
				CLANG_WARN_OBJC_IMPLICIT_RETAIN_SELF = YES;
				CLANG_WARN_OBJC_LITERAL_CONVERSION = YES;
				CLANG_WARN_OBJC_ROOT_CLASS = YES_ERROR;
				CLANG_WARN_QUOTED_INCLUDE_IN_FRAMEWORK_HEADER = YES;
				CLANG_WARN_RANGE_LOOP_ANALYSIS = YES;
				CLANG_WARN_STRICT_PROTOTYPES = YES;
				CLANG_WARN_SUSPICIOUS_MOVE = YES;
				CLANG_WARN_UNGUARDED_AVAILABILITY = YES_AGGRESSIVE;
				CLANG_WARN_UNREACHABLE_CODE = YES;
				CLANG_WARN__DUPLICATE_METHOD_MATCH = YES;
				COPY_PHASE_STRIP = NO;
				DEBUG_INFORMATION_FORMAT = "dwarf-with-dsym";
				ENABLE_NS_ASSERTIONS = NO;
				ENABLE_STRICT_OBJC_MSGSEND = YES;
				GCC_C_LANGUAGE_STANDARD = gnu11;
				GCC_NO_COMMON_BLOCKS = YES;
				GCC_WARN_64_TO_32_BIT_CONVERSION = YES;
				GCC_WARN_ABOUT_RETURN_TYPE = YES_ERROR;
				GCC_WARN_UNDECLARED_SELECTOR = YES;
				GCC_WARN_UNINITIALIZED_AUTOS = YES_AGGRESSIVE;
				GCC_WARN_UNUSED_FUNCTION = YES;
				GCC_WARN_UNUSED_VARIABLE = YES;
				IPHONEOS_DEPLOYMENT_TARGET = 15.2;
				MTL_ENABLE_DEBUG_INFO = NO;
				MTL_FAST_MATH = YES;
				SDKROOT = iphoneos;
				SWIFT_COMPILATION_MODE = wholemodule;
				SWIFT_OPTIMIZATION_LEVEL = "-O";
				VALIDATE_PRODUCT = YES;
			};
			name = Release;
		};
		36CF8A9A2776896C007E68A3 /* Debug */ = {
			isa = XCBuildConfiguration;
			buildSettings = {
				ASSETCATALOG_COMPILER_APPICON_NAME = AppIcon;
				ASSETCATALOG_COMPILER_GLOBAL_ACCENT_COLOR_NAME = AccentColor;
				CODE_SIGN_STYLE = Automatic;
				CURRENT_PROJECT_VERSION = 1;
				DEVELOPMENT_ASSET_PATHS = "\"ClosingUp24Dec/Preview Content\"";
				DEVELOPMENT_TEAM = 99ZUCD4A48;
				ENABLE_PREVIEWS = YES;
				GCC_NO_COMMON_BLOCKS = YES;
				GENERATE_INFOPLIST_FILE = YES;
				INFOPLIST_FILE = ClosingUp24Dec/Info.plist;
				INFOPLIST_KEY_CFBundleDisplayName = "RAH Closings";
				INFOPLIST_KEY_NSCameraUsageDescription = "We need access to the camera to scan your documents.";
				INFOPLIST_KEY_UIApplicationSceneManifest_Generation = YES;
				INFOPLIST_KEY_UIApplicationSupportsIndirectInputEvents = YES;
				INFOPLIST_KEY_UILaunchStoryboardName = "Launch Screen";
				INFOPLIST_KEY_UISupportedInterfaceOrientations_iPad = "UIInterfaceOrientationPortrait UIInterfaceOrientationPortraitUpsideDown UIInterfaceOrientationLandscapeLeft UIInterfaceOrientationLandscapeRight";
				INFOPLIST_KEY_UISupportedInterfaceOrientations_iPhone = "UIInterfaceOrientationPortrait UIInterfaceOrientationLandscapeLeft UIInterfaceOrientationLandscapeRight";
				LD_RUNPATH_SEARCH_PATHS = (
					"$(inherited)",
					"@executable_path/Frameworks",
				);
				MARKETING_VERSION = 1.0;
				PRODUCT_BUNDLE_IDENTIFIER = Com.DanCoWorldwide.DanCard;
				PRODUCT_NAME = "$(TARGET_NAME)";
				SWIFT_EMIT_LOC_STRINGS = YES;
				SWIFT_VERSION = 5.0;
				TARGETED_DEVICE_FAMILY = "1,2";
			};
			name = Debug;
		};
		36CF8A9B2776896C007E68A3 /* Release */ = {
			isa = XCBuildConfiguration;
			buildSettings = {
				ASSETCATALOG_COMPILER_APPICON_NAME = AppIcon;
				ASSETCATALOG_COMPILER_GLOBAL_ACCENT_COLOR_NAME = AccentColor;
				CODE_SIGN_STYLE = Automatic;
				CURRENT_PROJECT_VERSION = 1;
				DEVELOPMENT_ASSET_PATHS = "\"ClosingUp24Dec/Preview Content\"";
				DEVELOPMENT_TEAM = 99ZUCD4A48;
				ENABLE_PREVIEWS = YES;
				GCC_NO_COMMON_BLOCKS = YES;
				GENERATE_INFOPLIST_FILE = YES;
				INFOPLIST_FILE = ClosingUp24Dec/Info.plist;
				INFOPLIST_KEY_CFBundleDisplayName = "RAH Closings";
				INFOPLIST_KEY_NSCameraUsageDescription = "We need access to the camera to scan your documents.";
				INFOPLIST_KEY_UIApplicationSceneManifest_Generation = YES;
				INFOPLIST_KEY_UIApplicationSupportsIndirectInputEvents = YES;
				INFOPLIST_KEY_UILaunchStoryboardName = "Launch Screen";
				INFOPLIST_KEY_UISupportedInterfaceOrientations_iPad = "UIInterfaceOrientationPortrait UIInterfaceOrientationPortraitUpsideDown UIInterfaceOrientationLandscapeLeft UIInterfaceOrientationLandscapeRight";
				INFOPLIST_KEY_UISupportedInterfaceOrientations_iPhone = "UIInterfaceOrientationPortrait UIInterfaceOrientationLandscapeLeft UIInterfaceOrientationLandscapeRight";
				LD_RUNPATH_SEARCH_PATHS = (
					"$(inherited)",
					"@executable_path/Frameworks",
				);
				MARKETING_VERSION = 1.0;
				PRODUCT_BUNDLE_IDENTIFIER = Com.DanCoWorldwide.DanCard;
				PRODUCT_NAME = "$(TARGET_NAME)";
				SWIFT_EMIT_LOC_STRINGS = YES;
				SWIFT_VERSION = 5.0;
				TARGETED_DEVICE_FAMILY = "1,2";
			};
			name = Release;
		};
/* End XCBuildConfiguration section */

/* Begin XCConfigurationList section */
		36CF8A862776896A007E68A3 /* Build configuration list for PBXProject "ClosingUp24Dec" */ = {
			isa = XCConfigurationList;
			buildConfigurations = (
				36CF8A972776896C007E68A3 /* Debug */,
				36CF8A982776896C007E68A3 /* Release */,
			);
			defaultConfigurationIsVisible = 0;
			defaultConfigurationName = Release;
		};
		36CF8A992776896C007E68A3 /* Build configuration list for PBXNativeTarget "ClosingUp24Dec" */ = {
			isa = XCConfigurationList;
			buildConfigurations = (
				36CF8A9A2776896C007E68A3 /* Debug */,
				36CF8A9B2776896C007E68A3 /* Release */,
			);
			defaultConfigurationIsVisible = 0;
			defaultConfigurationName = Release;
		};
/* End XCConfigurationList section */

/* Begin XCRemoteSwiftPackageReference section */
		36B25BFE27A66AE300807DFD /* XCRemoteSwiftPackageReference "CodeScanner" */ = {
			isa = XCRemoteSwiftPackageReference;
			repositoryURL = "https://github.com/twostraws/CodeScanner";
			requirement = {
				kind = upToNextMajorVersion;
				minimumVersion = 2.0.0;
			};
		};
/* End XCRemoteSwiftPackageReference section */

/* Begin XCSwiftPackageProductDependency section */
		36B25BFF27A66AE300807DFD /* CodeScanner */ = {
			isa = XCSwiftPackageProductDependency;
			package = 36B25BFE27A66AE300807DFD /* XCRemoteSwiftPackageReference "CodeScanner" */;
			productName = CodeScanner;
		};
/* End XCSwiftPackageProductDependency section */
	};
	rootObject = 36CF8A832776896A007E68A3 /* Project object */;
}
